
Microsoft Visual Studio Solution File, Format Version 12.00
# Visual Studio 15
VisualStudioVersion = 15.0.28307.271
MinimumVisualStudioVersion = 10.0.40219.1
Project("{8BC9CEB8-8B4A-11D0-8D11-00A0C91BC942}") = "Program8_v2017", "Program8_v2017\Program8_v2017.vcxproj", "{EBDFF753-A1B1-4F78-B486-A598C7928237}"
EndProject
Global
	GlobalSection(SolutionConfigurationPlatforms) = preSolution
		Debug|x64 = Debug|x64
		Debug|x86 = Debug|x86
		Release|x64 = Release|x64
		Release|x86 = Release|x86
	EndGlobalSection
	GlobalSection(ProjectConfigurationPlatforms) = postSolution
		{EBDFF753-A1B1-4F78-B486-A598C7928237}.Debug|x64.ActiveCfg = Debug|x64
		{EBDFF753-A1B1-4F78-B486-A598C7928237}.Debug|x64.Build.0 = Debug|x64
		{EBDFF753-A1B1-4F78-B486-A598C7928237}.Debug|x86.ActiveCfg = Debug|Win32
		{EBDFF753-A1B1-4F78-B486-A598C7928237}.Debug|x86.Build.0 = Debug|Win32
		{EBDFF753-A1B1-4F78-B486-A598C7928237}.Release|x64.ActiveCfg = Release|x64
		{EBDFF753-A1B1-4F78-B486-A598C7928237}.Release|x64.Build.0 = Release|x64
		{EBDFF753-A1B1-4F78-B486-A598C7928237}.Release|x86.ActiveCfg = Release|Win32
		{EBDFF753-A1B1-4F78-B486-A598C7928237}.Release|x86.Build.0 = Release|Win32
	EndGlobalSection
	GlobalSection(SolutionProperties) = preSolution
		HideSolutionNode = FALSE
	EndGlobalSection
	GlobalSection(ExtensibilityGlobals) = postSolution
		SolutionGuid = {9738AFAE-9F17-4537-942E-9B493DA00A53}
	EndGlobalSection
EndGlobal
